// !$*UTF8*$!
{
	archiveVersion = 1;
	classes = {
	};
	objectVersion = 46;
	objects = {

/* Begin PBXBuildFile section */
		C62CA1F31C8ECB4A009D73D4 /* main.m in Sources */ = {isa = PBXBuildFile; fileRef = C62CA1F21C8ECB4A009D73D4 /* main.m */; };
		C62CA1F61C8ECB4A009D73D4 /* AppDelegate.m in Sources */ = {isa = PBXBuildFile; fileRef = C62CA1F51C8ECB4A009D73D4 /* AppDelegate.m */; };
		C62CA1F91C8ECB4A009D73D4 /* ViewController.m in Sources */ = {isa = PBXBuildFile; fileRef = C62CA1F81C8ECB4A009D73D4 /* ViewController.m */; };
		C62CA1FC1C8ECB4A009D73D4 /* Main.storyboard in Resources */ = {isa = PBXBuildFile; fileRef = C62CA1FA1C8ECB4A009D73D4 /* Main.storyboard */; };
		C62CA1FE1C8ECB4A009D73D4 /* Assets.xcassets in Resources */ = {isa = PBXBuildFile; fileRef = C62CA1FD1C8ECB4A009D73D4 /* Assets.xcassets */; };
		C62CA2011C8ECB4A009D73D4 /* LaunchScreen.storyboard in Resources */ = {isa = PBXBuildFile; fileRef = C62CA1FF1C8ECB4A009D73D4 /* LaunchScreen.storyboard */; };
		C62CA20C1C8ECB4A009D73D4 /* OtherLibTests.m in Sources */ = {isa = PBXBuildFile; fileRef = C62CA20B1C8ECB4A009D73D4 /* OtherLibTests.m */; };
		C62CA2171C8ECB4A009D73D4 /* OtherLibUITests.m in Sources */ = {isa = PBXBuildFile; fileRef = C62CA2161C8ECB4A009D73D4 /* OtherLibUITests.m */; };
		C62CA2491C8ECB5D009D73D4 /* audio_queue.cpp in Sources */ = {isa = PBXBuildFile; fileRef = C62CA2261C8ECB5D009D73D4 /* audio_queue.cpp */; };
		C62CA24A1C8ECB5D009D73D4 /* audio_stream.cpp in Sources */ = {isa = PBXBuildFile; fileRef = C62CA2281C8ECB5D009D73D4 /* audio_stream.cpp */; };
		C62CA24B1C8ECB5D009D73D4 /* caching_stream.cpp in Sources */ = {isa = PBXBuildFile; fileRef = C62CA22A1C8ECB5D009D73D4 /* caching_stream.cpp */; };
		C62CA24C1C8ECB5D009D73D4 /* file_output.cpp in Sources */ = {isa = PBXBuildFile; fileRef = C62CA22C1C8ECB5D009D73D4 /* file_output.cpp */; };
		C62CA24D1C8ECB5D009D73D4 /* file_stream.cpp in Sources */ = {isa = PBXBuildFile; fileRef = C62CA22E1C8ECB5D009D73D4 /* file_stream.cpp */; };
		C62CA24E1C8ECB5D009D73D4 /* http_stream.cpp in Sources */ = {isa = PBXBuildFile; fileRef = C62CA2301C8ECB5D009D73D4 /* http_stream.cpp */; };
		C62CA24F1C8ECB5D009D73D4 /* id3_parser.cpp in Sources */ = {isa = PBXBuildFile; fileRef = C62CA2321C8ECB5D009D73D4 /* id3_parser.cpp */; };
		C62CA2501C8ECB5D009D73D4 /* input_stream.cpp in Sources */ = {isa = PBXBuildFile; fileRef = C62CA2341C8ECB5D009D73D4 /* input_stream.cpp */; };
		C62CA2511C8ECB5D009D73D4 /* stream_configuration.cpp in Sources */ = {isa = PBXBuildFile; fileRef = C62CA2361C8ECB5D009D73D4 /* stream_configuration.cpp */; };
		C62CA2521C8ECB5D009D73D4 /* FSAudioController.m in Sources */ = {isa = PBXBuildFile; fileRef = C62CA23A1C8ECB5D009D73D4 /* FSAudioController.m */; };
		C62CA2531C8ECB5D009D73D4 /* FSAudioStream.mm in Sources */ = {isa = PBXBuildFile; fileRef = C62CA23C1C8ECB5D009D73D4 /* FSAudioStream.mm */; };
		C62CA2541C8ECB5D009D73D4 /* FSCheckContentTypeRequest.m in Sources */ = {isa = PBXBuildFile; fileRef = C62CA23E1C8ECB5D009D73D4 /* FSCheckContentTypeRequest.m */; };
		C62CA2551C8ECB5D009D73D4 /* FSParsePlaylistRequest.m in Sources */ = {isa = PBXBuildFile; fileRef = C62CA2401C8ECB5D009D73D4 /* FSParsePlaylistRequest.m */; };
		C62CA2561C8ECB5D009D73D4 /* FSParseRssPodcastFeedRequest.m in Sources */ = {isa = PBXBuildFile; fileRef = C62CA2421C8ECB5D009D73D4 /* FSParseRssPodcastFeedRequest.m */; };
		C62CA2571C8ECB5D009D73D4 /* FSPlaylistItem.m in Sources */ = {isa = PBXBuildFile; fileRef = C62CA2441C8ECB5D009D73D4 /* FSPlaylistItem.m */; };
		C62CA2581C8ECB5D009D73D4 /* FSXMLHttpRequest.m in Sources */ = {isa = PBXBuildFile; fileRef = C62CA2461C8ECB5D009D73D4 /* FSXMLHttpRequest.m */; };
		C62CA2591C8ECB5D009D73D4 /* Reachability.m in Sources */ = {isa = PBXBuildFile; fileRef = C62CA2481C8ECB5D009D73D4 /* Reachability.m */; };
		C62CA25B1C8ECC22009D73D4 /* AudioToolbox.framework in Frameworks */ = {isa = PBXBuildFile; fileRef = C62CA25A1C8ECC22009D73D4 /* AudioToolbox.framework */; };
		C62CA25D1C8ECC2F009D73D4 /* CFNetwork.framework in Frameworks */ = {isa = PBXBuildFile; fileRef = C62CA25C1C8ECC2F009D73D4 /* CFNetwork.framework */; };
		C62CA25F1C8ECC61009D73D4 /* MediaPlayer.framework in Frameworks */ = {isa = PBXBuildFile; fileRef = C62CA25E1C8ECC61009D73D4 /* MediaPlayer.framework */; };
		C62CA2611C8ECC70009D73D4 /* AVFoundation.framework in Frameworks */ = {isa = PBXBuildFile; fileRef = C62CA2601C8ECC70009D73D4 /* AVFoundation.framework */; };
		C62CA2631C8ECC82009D73D4 /* libxml2.tbd in Frameworks */ = {isa = PBXBuildFile; fileRef = C62CA2621C8ECC82009D73D4 /* libxml2.tbd */; };
/* End PBXBuildFile section */

/* Begin PBXContainerItemProxy section */
		C62CA2081C8ECB4A009D73D4 /* PBXContainerItemProxy */ = {
			isa = PBXContainerItemProxy;
			containerPortal = C62CA1E61C8ECB4A009D73D4 /* Project object */;
			proxyType = 1;
			remoteGlobalIDString = C62CA1ED1C8ECB4A009D73D4;
			remoteInfo = OtherLib;
		};
		C62CA2131C8ECB4A009D73D4 /* PBXContainerItemProxy */ = {
			isa = PBXContainerItemProxy;
			containerPortal = C62CA1E61C8ECB4A009D73D4 /* Project object */;
			proxyType = 1;
			remoteGlobalIDString = C62CA1ED1C8ECB4A009D73D4;
			remoteInfo = OtherLib;
		};
/* End PBXContainerItemProxy section */

/* Begin PBXFileReference section */
		C62CA1EE1C8ECB4A009D73D4 /* OtherLib.app */ = {isa = PBXFileReference; explicitFileType = wrapper.application; includeInIndex = 0; path = OtherLib.app; sourceTree = BUILT_PRODUCTS_DIR; };
		C62CA1F21C8ECB4A009D73D4 /* main.m */ = {isa = PBXFileReference; lastKnownFileType = sourcecode.c.objc; path = main.m; sourceTree = "<group>"; };
		C62CA1F41C8ECB4A009D73D4 /* AppDelegate.h */ = {isa = PBXFileReference; lastKnownFileType = sourcecode.c.h; path = AppDelegate.h; sourceTree = "<group>"; };
		C62CA1F51C8ECB4A009D73D4 /* AppDelegate.m */ = {isa = PBXFileReference; lastKnownFileType = sourcecode.c.objc; path = AppDelegate.m; sourceTree = "<group>"; };
		C62CA1F71C8ECB4A009D73D4 /* ViewController.h */ = {isa = PBXFileReference; lastKnownFileType = sourcecode.c.h; path = ViewController.h; sourceTree = "<group>"; };
		C62CA1F81C8ECB4A009D73D4 /* ViewController.m */ = {isa = PBXFileReference; lastKnownFileType = sourcecode.c.objc; path = ViewController.m; sourceTree = "<group>"; };
		C62CA1FB1C8ECB4A009D73D4 /* Base */ = {isa = PBXFileReference; lastKnownFileType = file.storyboard; name = Base; path = Base.lproj/Main.storyboard; sourceTree = "<group>"; };
		C62CA1FD1C8ECB4A009D73D4 /* Assets.xcassets */ = {isa = PBXFileReference; lastKnownFileType = folder.assetcatalog; path = Assets.xcassets; sourceTree = "<group>"; };
		C62CA2001C8ECB4A009D73D4 /* Base */ = {isa = PBXFileReference; lastKnownFileType = file.storyboard; name = Base; path = Base.lproj/LaunchScreen.storyboard; sourceTree = "<group>"; };
		C62CA2021C8ECB4A009D73D4 /* Info.plist */ = {isa = PBXFileReference; lastKnownFileType = text.plist.xml; path = Info.plist; sourceTree = "<group>"; };
		C62CA2071C8ECB4A009D73D4 /* OtherLibTests.xctest */ = {isa = PBXFileReference; explicitFileType = wrapper.cfbundle; includeInIndex = 0; path = OtherLibTests.xctest; sourceTree = BUILT_PRODUCTS_DIR; };
		C62CA20B1C8ECB4A009D73D4 /* OtherLibTests.m */ = {isa = PBXFileReference; lastKnownFileType = sourcecode.c.objc; path = OtherLibTests.m; sourceTree = "<group>"; };
		C62CA20D1C8ECB4A009D73D4 /* Info.plist */ = {isa = PBXFileReference; lastKnownFileType = text.plist.xml; path = Info.plist; sourceTree = "<group>"; };
		C62CA2121C8ECB4A009D73D4 /* OtherLibUITests.xctest */ = {isa = PBXFileReference; explicitFileType = wrapper.cfbundle; includeInIndex = 0; path = OtherLibUITests.xctest; sourceTree = BUILT_PRODUCTS_DIR; };
		C62CA2161C8ECB4A009D73D4 /* OtherLibUITests.m */ = {isa = PBXFileReference; lastKnownFileType = sourcecode.c.objc; path = OtherLibUITests.m; sourceTree = "<group>"; };
		C62CA2181C8ECB4A009D73D4 /* Info.plist */ = {isa = PBXFileReference; lastKnownFileType = text.plist.xml; path = Info.plist; sourceTree = "<group>"; };
		C62CA2261C8ECB5D009D73D4 /* audio_queue.cpp */ = {isa = PBXFileReference; fileEncoding = 4; lastKnownFileType = sourcecode.cpp.cpp; path = audio_queue.cpp; sourceTree = "<group>"; };
		C62CA2271C8ECB5D009D73D4 /* audio_queue.h */ = {isa = PBXFileReference; fileEncoding = 4; lastKnownFileType = sourcecode.c.h; path = audio_queue.h; sourceTree = "<group>"; };
		C62CA2281C8ECB5D009D73D4 /* audio_stream.cpp */ = {isa = PBXFileReference; fileEncoding = 4; lastKnownFileType = sourcecode.cpp.cpp; path = audio_stream.cpp; sourceTree = "<group>"; };
		C62CA2291C8ECB5D009D73D4 /* audio_stream.h */ = {isa = PBXFileReference; fileEncoding = 4; lastKnownFileType = sourcecode.c.h; path = audio_stream.h; sourceTree = "<group>"; };
		C62CA22A1C8ECB5D009D73D4 /* caching_stream.cpp */ = {isa = PBXFileReference; fileEncoding = 4; lastKnownFileType = sourcecode.cpp.cpp; path = caching_stream.cpp; sourceTree = "<group>"; };
		C62CA22B1C8ECB5D009D73D4 /* caching_stream.h */ = {isa = PBXFileReference; fileEncoding = 4; lastKnownFileType = sourcecode.c.h; path = caching_stream.h; sourceTree = "<group>"; };
		C62CA22C1C8ECB5D009D73D4 /* file_output.cpp */ = {isa = PBXFileReference; fileEncoding = 4; lastKnownFileType = sourcecode.cpp.cpp; path = file_output.cpp; sourceTree = "<group>"; };
		C62CA22D1C8ECB5D009D73D4 /* file_output.h */ = {isa = PBXFileReference; fileEncoding = 4; lastKnownFileType = sourcecode.c.h; path = file_output.h; sourceTree = "<group>"; };
		C62CA22E1C8ECB5D009D73D4 /* file_stream.cpp */ = {isa = PBXFileReference; fileEncoding = 4; lastKnownFileType = sourcecode.cpp.cpp; path = file_stream.cpp; sourceTree = "<group>"; };
		C62CA22F1C8ECB5D009D73D4 /* file_stream.h */ = {isa = PBXFileReference; fileEncoding = 4; lastKnownFileType = sourcecode.c.h; path = file_stream.h; sourceTree = "<group>"; };
		C62CA2301C8ECB5D009D73D4 /* http_stream.cpp */ = {isa = PBXFileReference; fileEncoding = 4; lastKnownFileType = sourcecode.cpp.cpp; path = http_stream.cpp; sourceTree = "<group>"; };
		C62CA2311C8ECB5D009D73D4 /* http_stream.h */ = {isa = PBXFileReference; fileEncoding = 4; lastKnownFileType = sourcecode.c.h; path = http_stream.h; sourceTree = "<group>"; };
		C62CA2321C8ECB5D009D73D4 /* id3_parser.cpp */ = {isa = PBXFileReference; fileEncoding = 4; lastKnownFileType = sourcecode.cpp.cpp; path = id3_parser.cpp; sourceTree = "<group>"; };
		C62CA2331C8ECB5D009D73D4 /* id3_parser.h */ = {isa = PBXFileReference; fileEncoding = 4; lastKnownFileType = sourcecode.c.h; path = id3_parser.h; sourceTree = "<group>"; };
		C62CA2341C8ECB5D009D73D4 /* input_stream.cpp */ = {isa = PBXFileReference; fileEncoding = 4; lastKnownFileType = sourcecode.cpp.cpp; path = input_stream.cpp; sourceTree = "<group>"; };
		C62CA2351C8ECB5D009D73D4 /* input_stream.h */ = {isa = PBXFileReference; fileEncoding = 4; lastKnownFileType = sourcecode.c.h; path = input_stream.h; sourceTree = "<group>"; };
		C62CA2361C8ECB5D009D73D4 /* stream_configuration.cpp */ = {isa = PBXFileReference; fileEncoding = 4; lastKnownFileType = sourcecode.cpp.cpp; path = stream_configuration.cpp; sourceTree = "<group>"; };
		C62CA2371C8ECB5D009D73D4 /* stream_configuration.h */ = {isa = PBXFileReference; fileEncoding = 4; lastKnownFileType = sourcecode.c.h; path = stream_configuration.h; sourceTree = "<group>"; };
		C62CA2391C8ECB5D009D73D4 /* FSAudioController.h */ = {isa = PBXFileReference; fileEncoding = 4; lastKnownFileType = sourcecode.c.h; path = FSAudioController.h; sourceTree = "<group>"; };
		C62CA23A1C8ECB5D009D73D4 /* FSAudioController.m */ = {isa = PBXFileReference; fileEncoding = 4; lastKnownFileType = sourcecode.c.objc; path = FSAudioController.m; sourceTree = "<group>"; };
		C62CA23B1C8ECB5D009D73D4 /* FSAudioStream.h */ = {isa = PBXFileReference; fileEncoding = 4; lastKnownFileType = sourcecode.c.h; path = FSAudioStream.h; sourceTree = "<group>"; };
		C62CA23C1C8ECB5D009D73D4 /* FSAudioStream.mm */ = {isa = PBXFileReference; fileEncoding = 4; lastKnownFileType = sourcecode.cpp.objcpp; path = FSAudioStream.mm; sourceTree = "<group>"; };
		C62CA23D1C8ECB5D009D73D4 /* FSCheckContentTypeRequest.h */ = {isa = PBXFileReference; fileEncoding = 4; lastKnownFileType = sourcecode.c.h; path = FSCheckContentTypeRequest.h; sourceTree = "<group>"; };
		C62CA23E1C8ECB5D009D73D4 /* FSCheckContentTypeRequest.m */ = {isa = PBXFileReference; fileEncoding = 4; lastKnownFileType = sourcecode.c.objc; path = FSCheckContentTypeRequest.m; sourceTree = "<group>"; };
		C62CA23F1C8ECB5D009D73D4 /* FSParsePlaylistRequest.h */ = {isa = PBXFileReference; fileEncoding = 4; lastKnownFileType = sourcecode.c.h; path = FSParsePlaylistRequest.h; sourceTree = "<group>"; };
		C62CA2401C8ECB5D009D73D4 /* FSParsePlaylistRequest.m */ = {isa = PBXFileReference; fileEncoding = 4; lastKnownFileType = sourcecode.c.objc; path = FSParsePlaylistRequest.m; sourceTree = "<group>"; };
		C62CA2411C8ECB5D009D73D4 /* FSParseRssPodcastFeedRequest.h */ = {isa = PBXFileReference; fileEncoding = 4; lastKnownFileType = sourcecode.c.h; path = FSParseRssPodcastFeedRequest.h; sourceTree = "<group>"; };
		C62CA2421C8ECB5D009D73D4 /* FSParseRssPodcastFeedRequest.m */ = {isa = PBXFileReference; fileEncoding = 4; lastKnownFileType = sourcecode.c.objc; path = FSParseRssPodcastFeedRequest.m; sourceTree = "<group>"; };
		C62CA2431C8ECB5D009D73D4 /* FSPlaylistItem.h */ = {isa = PBXFileReference; fileEncoding = 4; lastKnownFileType = sourcecode.c.h; path = FSPlaylistItem.h; sourceTree = "<group>"; };
		C62CA2441C8ECB5D009D73D4 /* FSPlaylistItem.m */ = {isa = PBXFileReference; fileEncoding = 4; lastKnownFileType = sourcecode.c.objc; path = FSPlaylistItem.m; sourceTree = "<group>"; };
		C62CA2451C8ECB5D009D73D4 /* FSXMLHttpRequest.h */ = {isa = PBXFileReference; fileEncoding = 4; lastKnownFileType = sourcecode.c.h; path = FSXMLHttpRequest.h; sourceTree = "<group>"; };
		C62CA2461C8ECB5D009D73D4 /* FSXMLHttpRequest.m */ = {isa = PBXFileReference; fileEncoding = 4; lastKnownFileType = sourcecode.c.objc; path = FSXMLHttpRequest.m; sourceTree = "<group>"; };
		C62CA2471C8ECB5D009D73D4 /* Reachability.h */ = {isa = PBXFileReference; fileEncoding = 4; lastKnownFileType = sourcecode.c.h; path = Reachability.h; sourceTree = "<group>"; };
		C62CA2481C8ECB5D009D73D4 /* Reachability.m */ = {isa = PBXFileReference; fileEncoding = 4; lastKnownFileType = sourcecode.c.objc; path = Reachability.m; sourceTree = "<group>"; };
		C62CA25A1C8ECC22009D73D4 /* AudioToolbox.framework */ = {isa = PBXFileReference; lastKnownFileType = wrapper.framework; name = AudioToolbox.framework; path = System/Library/Frameworks/AudioToolbox.framework; sourceTree = SDKROOT; };
		C62CA25C1C8ECC2F009D73D4 /* CFNetwork.framework */ = {isa = PBXFileReference; lastKnownFileType = wrapper.framework; name = CFNetwork.framework; path = System/Library/Frameworks/CFNetwork.framework; sourceTree = SDKROOT; };
		C62CA25E1C8ECC61009D73D4 /* MediaPlayer.framework */ = {isa = PBXFileReference; lastKnownFileType = wrapper.framework; name = MediaPlayer.framework; path = System/Library/Frameworks/MediaPlayer.framework; sourceTree = SDKROOT; };
		C62CA2601C8ECC70009D73D4 /* AVFoundation.framework */ = {isa = PBXFileReference; lastKnownFileType = wrapper.framework; name = AVFoundation.framework; path = System/Library/Frameworks/AVFoundation.framework; sourceTree = SDKROOT; };
		C62CA2621C8ECC82009D73D4 /* libxml2.tbd */ = {isa = PBXFileReference; lastKnownFileType = "sourcecode.text-based-dylib-definition"; name = libxml2.tbd; path = usr/lib/libxml2.tbd; sourceTree = SDKROOT; };
/* End PBXFileReference section */

/* Begin PBXFrameworksBuildPhase section */
		C62CA1EB1C8ECB4A009D73D4 /* Frameworks */ = {
			isa = PBXFrameworksBuildPhase;
			buildActionMask = 2147483647;
			files = (
				C62CA2631C8ECC82009D73D4 /* libxml2.tbd in Frameworks */,
				C62CA2611C8ECC70009D73D4 /* AVFoundation.framework in Frameworks */,
				C62CA25F1C8ECC61009D73D4 /* MediaPlayer.framework in Frameworks */,
				C62CA25D1C8ECC2F009D73D4 /* CFNetwork.framework in Frameworks */,
				C62CA25B1C8ECC22009D73D4 /* AudioToolbox.framework in Frameworks */,
			);
			runOnlyForDeploymentPostprocessing = 0;
		};
		C62CA2041C8ECB4A009D73D4 /* Frameworks */ = {
			isa = PBXFrameworksBuildPhase;
			buildActionMask = 2147483647;
			files = (
			);
			runOnlyForDeploymentPostprocessing = 0;
		};
		C62CA20F1C8ECB4A009D73D4 /* Frameworks */ = {
			isa = PBXFrameworksBuildPhase;
			buildActionMask = 2147483647;
			files = (
			);
			runOnlyForDeploymentPostprocessing = 0;
		};
/* End PBXFrameworksBuildPhase section */

/* Begin PBXGroup section */
		C62CA1E51C8ECB4A009D73D4 = {
			isa = PBXGroup;
			children = (
				C62CA2621C8ECC82009D73D4 /* libxml2.tbd */,
				C62CA2601C8ECC70009D73D4 /* AVFoundation.framework */,
				C62CA25E1C8ECC61009D73D4 /* MediaPlayer.framework */,
				C62CA25C1C8ECC2F009D73D4 /* CFNetwork.framework */,
				C62CA25A1C8ECC22009D73D4 /* AudioToolbox.framework */,
				C62CA1F01C8ECB4A009D73D4 /* OtherLib */,
				C62CA20A1C8ECB4A009D73D4 /* OtherLibTests */,
				C62CA2151C8ECB4A009D73D4 /* OtherLibUITests */,
				C62CA1EF1C8ECB4A009D73D4 /* Products */,
			);
			sourceTree = "<group>";
		};
		C62CA1EF1C8ECB4A009D73D4 /* Products */ = {
			isa = PBXGroup;
			children = (
				C62CA1EE1C8ECB4A009D73D4 /* OtherLib.app */,
				C62CA2071C8ECB4A009D73D4 /* OtherLibTests.xctest */,
				C62CA2121C8ECB4A009D73D4 /* OtherLibUITests.xctest */,
			);
			name = Products;
			sourceTree = "<group>";
		};
		C62CA1F01C8ECB4A009D73D4 /* OtherLib */ = {
			isa = PBXGroup;
			children = (
				C62CA2241C8ECB5D009D73D4 /* OtherLib */,
				C62CA1F41C8ECB4A009D73D4 /* AppDelegate.h */,
				C62CA1F51C8ECB4A009D73D4 /* AppDelegate.m */,
				C62CA1F71C8ECB4A009D73D4 /* ViewController.h */,
				C62CA1F81C8ECB4A009D73D4 /* ViewController.m */,
				C62CA1FA1C8ECB4A009D73D4 /* Main.storyboard */,
				C62CA1FD1C8ECB4A009D73D4 /* Assets.xcassets */,
				C62CA1FF1C8ECB4A009D73D4 /* LaunchScreen.storyboard */,
				C62CA2021C8ECB4A009D73D4 /* Info.plist */,
				C62CA1F11C8ECB4A009D73D4 /* Supporting Files */,
			);
			path = OtherLib;
			sourceTree = "<group>";
		};
		C62CA1F11C8ECB4A009D73D4 /* Supporting Files */ = {
			isa = PBXGroup;
			children = (
				C62CA1F21C8ECB4A009D73D4 /* main.m */,
			);
			name = "Supporting Files";
			sourceTree = "<group>";
		};
		C62CA20A1C8ECB4A009D73D4 /* OtherLibTests */ = {
			isa = PBXGroup;
			children = (
				C62CA20B1C8ECB4A009D73D4 /* OtherLibTests.m */,
				C62CA20D1C8ECB4A009D73D4 /* Info.plist */,
			);
			path = OtherLibTests;
			sourceTree = "<group>";
		};
		C62CA2151C8ECB4A009D73D4 /* OtherLibUITests */ = {
			isa = PBXGroup;
			children = (
				C62CA2161C8ECB4A009D73D4 /* OtherLibUITests.m */,
				C62CA2181C8ECB4A009D73D4 /* Info.plist */,
			);
			path = OtherLibUITests;
			sourceTree = "<group>";
		};
		C62CA2241C8ECB5D009D73D4 /* OtherLib */ = {
			isa = PBXGroup;
			children = (
				C62CA2251C8ECB5D009D73D4 /* astreamer */,
				C62CA2381C8ECB5D009D73D4 /* Common */,
				C62CA2471C8ECB5D009D73D4 /* Reachability.h */,
				C62CA2481C8ECB5D009D73D4 /* Reachability.m */,
			);
			path = OtherLib;
			sourceTree = "<group>";
		};
		C62CA2251C8ECB5D009D73D4 /* astreamer */ = {
			isa = PBXGroup;
			children = (
				C62CA2261C8ECB5D009D73D4 /* audio_queue.cpp */,
				C62CA2271C8ECB5D009D73D4 /* audio_queue.h */,
				C62CA2281C8ECB5D009D73D4 /* audio_stream.cpp */,
				C62CA2291C8ECB5D009D73D4 /* audio_stream.h */,
				C62CA22A1C8ECB5D009D73D4 /* caching_stream.cpp */,
				C62CA22B1C8ECB5D009D73D4 /* caching_stream.h */,
				C62CA22C1C8ECB5D009D73D4 /* file_output.cpp */,
				C62CA22D1C8ECB5D009D73D4 /* file_output.h */,
				C62CA22E1C8ECB5D009D73D4 /* file_stream.cpp */,
				C62CA22F1C8ECB5D009D73D4 /* file_stream.h */,
				C62CA2301C8ECB5D009D73D4 /* http_stream.cpp */,
				C62CA2311C8ECB5D009D73D4 /* http_stream.h */,
				C62CA2321C8ECB5D009D73D4 /* id3_parser.cpp */,
				C62CA2331C8ECB5D009D73D4 /* id3_parser.h */,
				C62CA2341C8ECB5D009D73D4 /* input_stream.cpp */,
				C62CA2351C8ECB5D009D73D4 /* input_stream.h */,
				C62CA2361C8ECB5D009D73D4 /* stream_configuration.cpp */,
				C62CA2371C8ECB5D009D73D4 /* stream_configuration.h */,
			);
			path = astreamer;
			sourceTree = "<group>";
		};
		C62CA2381C8ECB5D009D73D4 /* Common */ = {
			isa = PBXGroup;
			children = (
				C62CA2391C8ECB5D009D73D4 /* FSAudioController.h */,
				C62CA23A1C8ECB5D009D73D4 /* FSAudioController.m */,
				C62CA23B1C8ECB5D009D73D4 /* FSAudioStream.h */,
				C62CA23C1C8ECB5D009D73D4 /* FSAudioStream.mm */,
				C62CA23D1C8ECB5D009D73D4 /* FSCheckContentTypeRequest.h */,
				C62CA23E1C8ECB5D009D73D4 /* FSCheckContentTypeRequest.m */,
				C62CA23F1C8ECB5D009D73D4 /* FSParsePlaylistRequest.h */,
				C62CA2401C8ECB5D009D73D4 /* FSParsePlaylistRequest.m */,
				C62CA2411C8ECB5D009D73D4 /* FSParseRssPodcastFeedRequest.h */,
				C62CA2421C8ECB5D009D73D4 /* FSParseRssPodcastFeedRequest.m */,
				C62CA2431C8ECB5D009D73D4 /* FSPlaylistItem.h */,
				C62CA2441C8ECB5D009D73D4 /* FSPlaylistItem.m */,
				C62CA2451C8ECB5D009D73D4 /* FSXMLHttpRequest.h */,
				C62CA2461C8ECB5D009D73D4 /* FSXMLHttpRequest.m */,
			);
			path = Common;
			sourceTree = "<group>";
		};
/* End PBXGroup section */

/* Begin PBXNativeTarget section */
		C62CA1ED1C8ECB4A009D73D4 /* OtherLib */ = {
			isa = PBXNativeTarget;
			buildConfigurationList = C62CA21B1C8ECB4A009D73D4 /* Build configuration list for PBXNativeTarget "OtherLib" */;
			buildPhases = (
				C62CA1EA1C8ECB4A009D73D4 /* Sources */,
				C62CA1EB1C8ECB4A009D73D4 /* Frameworks */,
				C62CA1EC1C8ECB4A009D73D4 /* Resources */,
			);
			buildRules = (
			);
			dependencies = (
			);
			name = OtherLib;
			productName = OtherLib;
			productReference = C62CA1EE1C8ECB4A009D73D4 /* OtherLib.app */;
			productType = "com.apple.product-type.application";
		};
		C62CA2061C8ECB4A009D73D4 /* OtherLibTests */ = {
			isa = PBXNativeTarget;
			buildConfigurationList = C62CA21E1C8ECB4A009D73D4 /* Build configuration list for PBXNativeTarget "OtherLibTests" */;
			buildPhases = (
				C62CA2031C8ECB4A009D73D4 /* Sources */,
				C62CA2041C8ECB4A009D73D4 /* Frameworks */,
				C62CA2051C8ECB4A009D73D4 /* Resources */,
			);
			buildRules = (
			);
			dependencies = (
				C62CA2091C8ECB4A009D73D4 /* PBXTargetDependency */,
			);
			name = OtherLibTests;
			productName = OtherLibTests;
			productReference = C62CA2071C8ECB4A009D73D4 /* OtherLibTests.xctest */;
			productType = "com.apple.product-type.bundle.unit-test";
		};
		C62CA2111C8ECB4A009D73D4 /* OtherLibUITests */ = {
			isa = PBXNativeTarget;
			buildConfigurationList = C62CA2211C8ECB4A009D73D4 /* Build configuration list for PBXNativeTarget "OtherLibUITests" */;
			buildPhases = (
				C62CA20E1C8ECB4A009D73D4 /* Sources */,
				C62CA20F1C8ECB4A009D73D4 /* Frameworks */,
				C62CA2101C8ECB4A009D73D4 /* Resources */,
			);
			buildRules = (
			);
			dependencies = (
				C62CA2141C8ECB4A009D73D4 /* PBXTargetDependency */,
			);
			name = OtherLibUITests;
			productName = OtherLibUITests;
			productReference = C62CA2121C8ECB4A009D73D4 /* OtherLibUITests.xctest */;
			productType = "com.apple.product-type.bundle.ui-testing";
		};
/* End PBXNativeTarget section */

/* Begin PBXProject section */
		C62CA1E61C8ECB4A009D73D4 /* Project object */ = {
			isa = PBXProject;
			attributes = {
				LastUpgradeCheck = 0720;
				ORGANIZATIONNAME = bever;
				TargetAttributes = {
					C62CA1ED1C8ECB4A009D73D4 = {
						CreatedOnToolsVersion = 7.2;
					};
					C62CA2061C8ECB4A009D73D4 = {
						CreatedOnToolsVersion = 7.2;
						TestTargetID = C62CA1ED1C8ECB4A009D73D4;
					};
					C62CA2111C8ECB4A009D73D4 = {
						CreatedOnToolsVersion = 7.2;
						TestTargetID = C62CA1ED1C8ECB4A009D73D4;
					};
				};
			};
			buildConfigurationList = C62CA1E91C8ECB4A009D73D4 /* Build configuration list for PBXProject "OtherLib" */;
			compatibilityVersion = "Xcode 3.2";
			developmentRegion = English;
			hasScannedForEncodings = 0;
			knownRegions = (
				en,
				Base,
			);
			mainGroup = C62CA1E51C8ECB4A009D73D4;
			productRefGroup = C62CA1EF1C8ECB4A009D73D4 /* Products */;
			projectDirPath = "";
			projectRoot = "";
			targets = (
				C62CA1ED1C8ECB4A009D73D4 /* OtherLib */,
				C62CA2061C8ECB4A009D73D4 /* OtherLibTests */,
				C62CA2111C8ECB4A009D73D4 /* OtherLibUITests */,
			);
		};
/* End PBXProject section */

/* Begin PBXResourcesBuildPhase section */
		C62CA1EC1C8ECB4A009D73D4 /* Resources */ = {
			isa = PBXResourcesBuildPhase;
			buildActionMask = 2147483647;
			files = (
				C62CA2011C8ECB4A009D73D4 /* LaunchScreen.storyboard in Resources */,
				C62CA1FE1C8ECB4A009D73D4 /* Assets.xcassets in Resources */,
				C62CA1FC1C8ECB4A009D73D4 /* Main.storyboard in Resources */,
			);
			runOnlyForDeploymentPostprocessing = 0;
		};
		C62CA2051C8ECB4A009D73D4 /* Resources */ = {
			isa = PBXResourcesBuildPhase;
			buildActionMask = 2147483647;
			files = (
			);
			runOnlyForDeploymentPostprocessing = 0;
		};
		C62CA2101C8ECB4A009D73D4 /* Resources */ = {
			isa = PBXResourcesBuildPhase;
			buildActionMask = 2147483647;
			files = (
			);
			runOnlyForDeploymentPostprocessing = 0;
		};
/* End PBXResourcesBuildPhase section */

/* Begin PBXSourcesBuildPhase section */
		C62CA1EA1C8ECB4A009D73D4 /* Sources */ = {
			isa = PBXSourcesBuildPhase;
			buildActionMask = 2147483647;
			files = (
				C62CA2541C8ECB5D009D73D4 /* FSCheckContentTypeRequest.m in Sources */,
				C62CA2581C8ECB5D009D73D4 /* FSXMLHttpRequest.m in Sources */,
				C62CA24C1C8ECB5D009D73D4 /* file_output.cpp in Sources */,
				C62CA2551C8ECB5D009D73D4 /* FSParsePlaylistRequest.m in Sources */,
				C62CA1F91C8ECB4A009D73D4 /* ViewController.m in Sources */,
				C62CA1F61C8ECB4A009D73D4 /* AppDelegate.m in Sources */,
				C62CA24D1C8ECB5D009D73D4 /* file_stream.cpp in Sources */,
				C62CA24E1C8ECB5D009D73D4 /* http_stream.cpp in Sources */,
				C62CA2571C8ECB5D009D73D4 /* FSPlaylistItem.m in Sources */,
				C62CA24A1C8ECB5D009D73D4 /* audio_stream.cpp in Sources */,
				C62CA2501C8ECB5D009D73D4 /* input_stream.cpp in Sources */,
				C62CA24B1C8ECB5D009D73D4 /* caching_stream.cpp in Sources */,
				C62CA2561C8ECB5D009D73D4 /* FSParseRssPodcastFeedRequest.m in Sources */,
				C62CA2511C8ECB5D009D73D4 /* stream_configuration.cpp in Sources */,
				C62CA2591C8ECB5D009D73D4 /* Reachability.m in Sources */,
				C62CA2491C8ECB5D009D73D4 /* audio_queue.cpp in Sources */,
				C62CA1F31C8ECB4A009D73D4 /* main.m in Sources */,
				C62CA2531C8ECB5D009D73D4 /* FSAudioStream.mm in Sources */,
				C62CA2521C8ECB5D009D73D4 /* FSAudioController.m in Sources */,
				C62CA24F1C8ECB5D009D73D4 /* id3_parser.cpp in Sources */,
			);
			runOnlyForDeploymentPostprocessing = 0;
		};
		C62CA2031C8ECB4A009D73D4 /* Sources */ = {
			isa = PBXSourcesBuildPhase;
			buildActionMask = 2147483647;
			files = (
				C62CA20C1C8ECB4A009D73D4 /* OtherLibTests.m in Sources */,
			);
			runOnlyForDeploymentPostprocessing = 0;
		};
		C62CA20E1C8ECB4A009D73D4 /* Sources */ = {
			isa = PBXSourcesBuildPhase;
			buildActionMask = 2147483647;
			files = (
				C62CA2171C8ECB4A009D73D4 /* OtherLibUITests.m in Sources */,
			);
			runOnlyForDeploymentPostprocessing = 0;
		};
/* End PBXSourcesBuildPhase section */

/* Begin PBXTargetDependency section */
		C62CA2091C8ECB4A009D73D4 /* PBXTargetDependency */ = {
			isa = PBXTargetDependency;
			target = C62CA1ED1C8ECB4A009D73D4 /* OtherLib */;
			targetProxy = C62CA2081C8ECB4A009D73D4 /* PBXContainerItemProxy */;
		};
		C62CA2141C8ECB4A009D73D4 /* PBXTargetDependency */ = {
			isa = PBXTargetDependency;
			target = C62CA1ED1C8ECB4A009D73D4 /* OtherLib */;
			targetProxy = C62CA2131C8ECB4A009D73D4 /* PBXContainerItemProxy */;
		};
/* End PBXTargetDependency section */

/* Begin PBXVariantGroup section */
		C62CA1FA1C8ECB4A009D73D4 /* Main.storyboard */ = {
			isa = PBXVariantGroup;
			children = (
				C62CA1FB1C8ECB4A009D73D4 /* Base */,
			);
			name = Main.storyboard;
			sourceTree = "<group>";
		};
		C62CA1FF1C8ECB4A009D73D4 /* LaunchScreen.storyboard */ = {
			isa = PBXVariantGroup;
			children = (
				C62CA2001C8ECB4A009D73D4 /* Base */,
			);
			name = LaunchScreen.storyboard;
			sourceTree = "<group>";
		};
/* End PBXVariantGroup section */

/* Begin XCBuildConfiguration section */
		C62CA2191C8ECB4A009D73D4 /* Debug */ = {
			isa = XCBuildConfiguration;
			buildSettings = {
				ALWAYS_SEARCH_USER_PATHS = NO;
				CLANG_CXX_LANGUAGE_STANDARD = "gnu++0x";
				CLANG_CXX_LIBRARY = "libc++";
				CLANG_ENABLE_MODULES = YES;
				CLANG_ENABLE_OBJC_ARC = YES;
				CLANG_WARN_BOOL_CONVERSION = YES;
				CLANG_WARN_CONSTANT_CONVERSION = YES;
				CLANG_WARN_DIRECT_OBJC_ISA_USAGE = YES_ERROR;
				CLANG_WARN_EMPTY_BODY = YES;
				CLANG_WARN_ENUM_CONVERSION = YES;
				CLANG_WARN_INT_CONVERSION = YES;
				CLANG_WARN_OBJC_ROOT_CLASS = YES_ERROR;
				CLANG_WARN_UNREACHABLE_CODE = YES;
				CLANG_WARN__DUPLICATE_METHOD_MATCH = YES;
				"CODE_SIGN_IDENTITY[sdk=iphoneos*]" = "iPhone Developer";
				COPY_PHASE_STRIP = NO;
				DEBUG_INFORMATION_FORMAT = dwarf;
				ENABLE_STRICT_OBJC_MSGSEND = YES;
				ENABLE_TESTABILITY = YES;
				GCC_C_LANGUAGE_STANDARD = gnu99;
				GCC_DYNAMIC_NO_PIC = NO;
				GCC_NO_COMMON_BLOCKS = YES;
				GCC_OPTIMIZATION_LEVEL = 0;
				GCC_PREPROCESSOR_DEFINITIONS = (
					"DEBUG=1",
					"$(inherited)",
				);
				GCC_WARN_64_TO_32_BIT_CONVERSION = YES;
				GCC_WARN_ABOUT_RETURN_TYPE = YES_ERROR;
				GCC_WARN_UNDECLARED_SELECTOR = YES;
				GCC_WARN_UNINITIALIZED_AUTOS = YES_AGGRESSIVE;
				GCC_WARN_UNUSED_FUNCTION = YES;
				GCC_WARN_UNUSED_VARIABLE = YES;
				IPHONEOS_DEPLOYMENT_TARGET = 9.2;
				MTL_ENABLE_DEBUG_INFO = YES;
				ONLY_ACTIVE_ARCH = YES;
				SDKROOT = iphoneos;
				TARGETED_DEVICE_FAMILY = "1,2";
			};
			name = Debug;
		};
		C62CA21A1C8ECB4A009D73D4 /* Release */ = {
			isa = XCBuildConfiguration;
			buildSettings = {
				ALWAYS_SEARCH_USER_PATHS = NO;
				CLANG_CXX_LANGUAGE_STANDARD = "gnu++0x";
				CLANG_CXX_LIBRARY = "libc++";
				CLANG_ENABLE_MODULES = YES;
				CLANG_ENABLE_OBJC_ARC = YES;
				CLANG_WARN_BOOL_CONVERSION = YES;
				CLANG_WARN_CONSTANT_CONVERSION = YES;
				CLANG_WARN_DIRECT_OBJC_ISA_USAGE = YES_ERROR;
				CLANG_WARN_EMPTY_BODY = YES;
				CLANG_WARN_ENUM_CONVERSION = YES;
				CLANG_WARN_INT_CONVERSION = YES;
				CLANG_WARN_OBJC_ROOT_CLASS = YES_ERROR;
				CLANG_WARN_UNREACHABLE_CODE = YES;
				CLANG_WARN__DUPLICATE_METHOD_MATCH = YES;
				"CODE_SIGN_IDENTITY[sdk=iphoneos*]" = "iPhone Developer";
				COPY_PHASE_STRIP = NO;
				DEBUG_INFORMATION_FORMAT = "dwarf-with-dsym";
				ENABLE_NS_ASSERTIONS = NO;
				ENABLE_STRICT_OBJC_MSGSEND = YES;
				GCC_C_LANGUAGE_STANDARD = gnu99;
				GCC_NO_COMMON_BLOCKS = YES;
				GCC_WARN_64_TO_32_BIT_CONVERSION = YES;
				GCC_WARN_ABOUT_RETURN_TYPE = YES_ERROR;
				GCC_WARN_UNDECLARED_SELECTOR = YES;
				GCC_WARN_UNINITIALIZED_AUTOS = YES_AGGRESSIVE;
				GCC_WARN_UNUSED_FUNCTION = YES;
				GCC_WARN_UNUSED_VARIABLE = YES;
				IPHONEOS_DEPLOYMENT_TARGET = 9.2;
				MTL_ENABLE_DEBUG_INFO = NO;
				SDKROOT = iphoneos;
				TARGETED_DEVICE_FAMILY = "1,2";
				VALIDATE_PRODUCT = YES;
			};
			name = Release;
		};
		C62CA21C1C8ECB4A009D73D4 /* Debug */ = {
			isa = XCBuildConfiguration;
			buildSettings = {
				ASSETCATALOG_COMPILER_APPICON_NAME = AppIcon;
				HEADER_SEARCH_PATHS = "$(SDKROOT)/usr/include/libxml2";
				INFOPLIST_FILE = OtherLib/Info.plist;
				LD_RUNPATH_SEARCH_PATHS = "$(inherited) @executable_path/Frameworks";
				PRODUCT_BUNDLE_IDENTIFIER = beiwo.OtherLib;
				PRODUCT_NAME = "$(TARGET_NAME)";
			};
			name = Debug;
		};
		C62CA21D1C8ECB4A009D73D4 /* Release */ = {
			isa = XCBuildConfiguration;
			buildSettings = {
				ASSETCATALOG_COMPILER_APPICON_NAME = AppIcon;
				HEADER_SEARCH_PATHS = "$(SDKROOT)/usr/include/libxml2";
				INFOPLIST_FILE = OtherLib/Info.plist;
				LD_RUNPATH_SEARCH_PATHS = "$(inherited) @executable_path/Frameworks";
				PRODUCT_BUNDLE_IDENTIFIER = beiwo.OtherLib;
				PRODUCT_NAME = "$(TARGET_NAME)";
			};
			name = Release;
		};
		C62CA21F1C8ECB4A009D73D4 /* Debug */ = {
			isa = XCBuildConfiguration;
			buildSettings = {
				BUNDLE_LOADER = "$(TEST_HOST)";
				INFOPLIST_FILE = OtherLibTests/Info.plist;
				LD_RUNPATH_SEARCH_PATHS = "$(inherited) @executable_path/Frameworks @loader_path/Frameworks";
				PRODUCT_BUNDLE_IDENTIFIER = beiwo.OtherLibTests;
				PRODUCT_NAME = "$(TARGET_NAME)";
				TEST_HOST = "$(BUILT_PRODUCTS_DIR)/OtherLib.app/OtherLib";
			};
			name = Debug;
		};
		C62CA2201C8ECB4A009D73D4 /* Release */ = {
			isa = XCBuildConfiguration;
			buildSettings = {
				BUNDLE_LOADER = "$(TEST_HOST)";
				INFOPLIST_FILE = OtherLibTests/Info.plist;
				LD_RUNPATH_SEARCH_PATHS = "$(inherited) @executable_path/Frameworks @loader_path/Frameworks";
				PRODUCT_BUNDLE_IDENTIFIER = beiwo.OtherLibTests;
				PRODUCT_NAME = "$(TARGET_NAME)";
				TEST_HOST = "$(BUILT_PRODUCTS_DIR)/OtherLib.app/OtherLib";
			};
			name = Release;
		};
		C62CA2221C8ECB4A009D73D4 /* Debug */ = {
			isa = XCBuildConfiguration;
			buildSettings = {
				INFOPLIST_FILE = OtherLibUITests/Info.plist;
				LD_RUNPATH_SEARCH_PATHS = "$(inherited) @executable_path/Frameworks @loader_path/Frameworks";
				PRODUCT_BUNDLE_IDENTIFIER = beiwo.OtherLibUITests;
				PRODUCT_NAME = "$(TARGET_NAME)";
				TEST_TARGET_NAME = OtherLib;
				USES_XCTRUNNER = YES;
			};
			name = Debug;
		};
		C62CA2231C8ECB4A009D73D4 /* Release */ = {
			isa = XCBuildConfiguration;
			buildSettings = {
				INFOPLIST_FILE = OtherLibUITests/Info.plist;
				LD_RUNPATH_SEARCH_PATHS = "$(inherited) @executable_path/Frameworks @loader_path/Frameworks";
				PRODUCT_BUNDLE_IDENTIFIER = beiwo.OtherLibUITests;
				PRODUCT_NAME = "$(TARGET_NAME)";
				TEST_TARGET_NAME = OtherLib;
				USES_XCTRUNNER = YES;
			};
			name = Release;
		};
/* End XCBuildConfiguration section */

/* Begin XCConfigurationList section */
		C62CA1E91C8ECB4A009D73D4 /* Build configuration list for PBXProject "OtherLib" */ = {
			isa = XCConfigurationList;
			buildConfigurations = (
				C62CA2191C8ECB4A009D73D4 /* Debug */,
				C62CA21A1C8ECB4A009D73D4 /* Release */,
			);
			defaultConfigurationIsVisible = 0;
			defaultConfigurationName = Release;
		};
		C62CA21B1C8ECB4A009D73D4 /* Build configuration list for PBXNativeTarget "OtherLib" */ = {
			isa = XCConfigurationList;
			buildConfigurations = (
				C62CA21C1C8ECB4A009D73D4 /* Debug */,
				C62CA21D1C8ECB4A009D73D4 /* Release */,
			);
			defaultConfigurationIsVisible = 0;
		};
		C62CA21E1C8ECB4A009D73D4 /* Build configuration list for PBXNativeTarget "OtherLibTests" */ = {
			isa = XCConfigurationList;
			buildConfigurations = (
				C62CA21F1C8ECB4A009D73D4 /* Debug */,
				C62CA2201C8ECB4A009D73D4 /* Release */,
			);
			defaultConfigurationIsVisible = 0;
		};
		C62CA2211C8ECB4A009D73D4 /* Build configuration list for PBXNativeTarget "OtherLibUITests" */ = {
			isa = XCConfigurationList;
			buildConfigurations = (
				C62CA2221C8ECB4A009D73D4 /* Debug */,
				C62CA2231C8ECB4A009D73D4 /* Release */,
			);
			defaultConfigurationIsVisible = 0;
		};
/* End XCConfigurationList section */
	};
	rootObject = C62CA1E61C8ECB4A009D73D4 /* Project object */;
}
